
Microsoft Visual Studio Solution File, Format Version 12.00
# Visual Studio Version 16
VisualStudioVersion = 16.0.29503.13
MinimumVisualStudioVersion = 10.0.40219.1
Project("{FAE04EC0-301F-11D3-BF4B-00C04F79EFBC}") = "EthMLM", "EthMLM\EthMLM.csproj", "{24F62128-FB1D-4E95-9385-4DB47A5C854E}"
EndProject
Global
	GlobalSection(SolutionConfigurationPlatforms) = preSolution
		Debug|Any CPU = Debug|Any CPU
		Release|Any CPU = Release|Any CPU
	EndGlobalSection
	GlobalSection(ProjectConfigurationPlatforms) = postSolution
		{24F62128-FB1D-4E95-9385-4DB47A5C854E}.Debug|Any CPU.ActiveCfg = Debug|Any CPU
		{24F62128-FB1D-4E95-9385-4DB47A5C854E}.Debug|Any CPU.Build.0 = Debug|Any CPU
		{24F62128-FB1D-4E95-9385-4DB47A5C854E}.Release|Any CPU.ActiveCfg = Release|Any CPU
		{24F62128-FB1D-4E95-9385-4DB47A5C854E}.Release|Any CPU.Build.0 = Release|Any CPU
	EndGlobalSection
	GlobalSection(SolutionProperties) = preSolution
		HideSolutionNode = FALSE
	EndGlobalSection
	GlobalSection(ExtensibilityGlobals) = postSolution
		SolutionGuid = {D528DB61-7E6B-4993-A83F-A97096DED44C}
	EndGlobalSection
EndGlobal
